
Microsoft Visual Studio Solution File, Format Version 12.00
# Visual Studio Version 17
VisualStudioVersion = 17.6.33829.357
MinimumVisualStudioVersion = 10.0.40219.1
Project("{FAE04EC0-301F-11D3-BF4B-00C04F79EFBC}") = "iDj", "iDj.csproj", "{003831CF-78F4-4F3D-A651-D708388239A7}"
EndProject
Global
	GlobalSection(SolutionConfigurationPlatforms) = preSolution
		Debug|Any CPU = Debug|Any CPU
		Release|Any CPU = Release|Any CPU
	EndGlobalSection
	GlobalSection(ProjectConfigurationPlatforms) = postSolution
		{003831CF-78F4-4F3D-A651-D708388239A7}.Debug|Any CPU.ActiveCfg = Debug|Any CPU
		{003831CF-78F4-4F3D-A651-D708388239A7}.Debug|Any CPU.Build.0 = Debug|Any CPU
		{003831CF-78F4-4F3D-A651-D708388239A7}.Release|Any CPU.ActiveCfg = Release|Any CPU
		{003831CF-78F4-4F3D-A651-D708388239A7}.Release|Any CPU.Build.0 = Release|Any CPU
	EndGlobalSection
	GlobalSection(SolutionProperties) = preSolution
		HideSolutionNode = FALSE
	EndGlobalSection
	GlobalSection(ExtensibilityGlobals) = postSolution
		SolutionGuid = {184DADC0-088C-45A9-9B07-C13FA3D13256}
	EndGlobalSection
EndGlobal
